// !$*UTF8*$!
{
	archiveVersion = 1;
	classes = {
	};
	objectVersion = 46;
	objects = {

/* Begin PBXBuildFile section */
		18BF66C41E81DD3E00394ECA /* AppDelegate.swift in Sources */ = {isa = PBXBuildFile; fileRef = 18BF66C31E81DD3E00394ECA /* AppDelegate.swift */; };
		18BF66C61E81DD3E00394ECA /* ViewController.swift in Sources */ = {isa = PBXBuildFile; fileRef = 18BF66C51E81DD3E00394ECA /* ViewController.swift */; };
		18BF66C91E81DD3E00394ECA /* Main.storyboard in Resources */ = {isa = PBXBuildFile; fileRef = 18BF66C71E81DD3E00394ECA /* Main.storyboard */; };
		18BF66CB1E81DD3E00394ECA /* Assets.xcassets in Resources */ = {isa = PBXBuildFile; fileRef = 18BF66CA1E81DD3E00394ECA /* Assets.xcassets */; };
		18BF66CE1E81DD3E00394ECA /* LaunchScreen.storyboard in Resources */ = {isa = PBXBuildFile; fileRef = 18BF66CC1E81DD3E00394ECA /* LaunchScreen.storyboard */; };
		18BF66D91E81DD3E00394ECA /* CosappTests.swift in Sources */ = {isa = PBXBuildFile; fileRef = 18BF66D81E81DD3E00394ECA /* CosappTests.swift */; };
		18BF66E41E81DD3E00394ECA /* CosappUITests.swift in Sources */ = {isa = PBXBuildFile; fileRef = 18BF66E31E81DD3E00394ECA /* CosappUITests.swift */; };
/* End PBXBuildFile section */

/* Begin PBXContainerItemProxy section */
		18BF66D51E81DD3E00394ECA /* PBXContainerItemProxy */ = {
			isa = PBXContainerItemProxy;
			containerPortal = 18BF66B81E81DD3E00394ECA /* Project object */;
			proxyType = 1;
			remoteGlobalIDString = 18BF66BF1E81DD3E00394ECA;
			remoteInfo = Cosapp;
		};
		18BF66E01E81DD3E00394ECA /* PBXContainerItemProxy */ = {
			isa = PBXContainerItemProxy;
			containerPortal = 18BF66B81E81DD3E00394ECA /* Project object */;
			proxyType = 1;
			remoteGlobalIDString = 18BF66BF1E81DD3E00394ECA;
			remoteInfo = Cosapp;
		};
/* End PBXContainerItemProxy section */

/* Begin PBXFileReference section */
		18BF66C01E81DD3E00394ECA /* Cosapp.app */ = {isa = PBXFileReference; explicitFileType = wrapper.application; includeInIndex = 0; path = Cosapp.app; sourceTree = BUILT_PRODUCTS_DIR; };
		18BF66C31E81DD3E00394ECA /* AppDelegate.swift */ = {isa = PBXFileReference; lastKnownFileType = sourcecode.swift; path = AppDelegate.swift; sourceTree = "<group>"; };
		18BF66C51E81DD3E00394ECA /* ViewController.swift */ = {isa = PBXFileReference; lastKnownFileType = sourcecode.swift; path = ViewController.swift; sourceTree = "<group>"; };
		18BF66C81E81DD3E00394ECA /* Base */ = {isa = PBXFileReference; lastKnownFileType = file.storyboard; name = Base; path = Base.lproj/Main.storyboard; sourceTree = "<group>"; };
		18BF66CA1E81DD3E00394ECA /* Assets.xcassets */ = {isa = PBXFileReference; lastKnownFileType = folder.assetcatalog; path = Assets.xcassets; sourceTree = "<group>"; };
		18BF66CD1E81DD3E00394ECA /* Base */ = {isa = PBXFileReference; lastKnownFileType = file.storyboard; name = Base; path = Base.lproj/LaunchScreen.storyboard; sourceTree = "<group>"; };
		18BF66CF1E81DD3E00394ECA /* Info.plist */ = {isa = PBXFileReference; lastKnownFileType = text.plist.xml; path = Info.plist; sourceTree = "<group>"; };
		18BF66D41E81DD3E00394ECA /* CosappTests.xctest */ = {isa = PBXFileReference; explicitFileType = wrapper.cfbundle; includeInIndex = 0; path = CosappTests.xctest; sourceTree = BUILT_PRODUCTS_DIR; };
		18BF66D81E81DD3E00394ECA /* CosappTests.swift */ = {isa = PBXFileReference; lastKnownFileType = sourcecode.swift; path = CosappTests.swift; sourceTree = "<group>"; };
		18BF66DA1E81DD3E00394ECA /* Info.plist */ = {isa = PBXFileReference; lastKnownFileType = text.plist.xml; path = Info.plist; sourceTree = "<group>"; };
		18BF66DF1E81DD3E00394ECA /* CosappUITests.xctest */ = {isa = PBXFileReference; explicitFileType = wrapper.cfbundle; includeInIndex = 0; path = CosappUITests.xctest; sourceTree = BUILT_PRODUCTS_DIR; };
		18BF66E31E81DD3E00394ECA /* CosappUITests.swift */ = {isa = PBXFileReference; lastKnownFileType = sourcecode.swift; path = CosappUITests.swift; sourceTree = "<group>"; };
		18BF66E51E81DD3E00394ECA /* Info.plist */ = {isa = PBXFileReference; lastKnownFileType = text.plist.xml; path = Info.plist; sourceTree = "<group>"; };
/* End PBXFileReference section */

/* Begin PBXFrameworksBuildPhase section */
		18BF66BD1E81DD3E00394ECA /* Frameworks */ = {
			isa = PBXFrameworksBuildPhase;
			buildActionMask = 2147483647;
			files = (
			);
			runOnlyForDeploymentPostprocessing = 0;
		};
		18BF66D11E81DD3E00394ECA /* Frameworks */ = {
			isa = PBXFrameworksBuildPhase;
			buildActionMask = 2147483647;
			files = (
			);
			runOnlyForDeploymentPostprocessing = 0;
		};
		18BF66DC1E81DD3E00394ECA /* Frameworks */ = {
			isa = PBXFrameworksBuildPhase;
			buildActionMask = 2147483647;
			files = (
			);
			runOnlyForDeploymentPostprocessing = 0;
		};
/* End PBXFrameworksBuildPhase section */

/* Begin PBXGroup section */
		18BF66B71E81DD3E00394ECA = {
			isa = PBXGroup;
			children = (
				18BF66C21E81DD3E00394ECA /* Cosapp */,
				18BF66D71E81DD3E00394ECA /* CosappTests */,
				18BF66E21E81DD3E00394ECA /* CosappUITests */,
				18BF66C11E81DD3E00394ECA /* Products */,
			);
			sourceTree = "<group>";
		};
		18BF66C11E81DD3E00394ECA /* Products */ = {
			isa = PBXGroup;
			children = (
				18BF66C01E81DD3E00394ECA /* Cosapp.app */,
				18BF66D41E81DD3E00394ECA /* CosappTests.xctest */,
				18BF66DF1E81DD3E00394ECA /* CosappUITests.xctest */,
			);
			name = Products;
			sourceTree = "<group>";
		};
		18BF66C21E81DD3E00394ECA /* Cosapp */ = {
			isa = PBXGroup;
			children = (
				18BF66C31E81DD3E00394ECA /* AppDelegate.swift */,
				18BF66C51E81DD3E00394ECA /* ViewController.swift */,
				18BF66C71E81DD3E00394ECA /* Main.storyboard */,
				18BF66CA1E81DD3E00394ECA /* Assets.xcassets */,
				18BF66CC1E81DD3E00394ECA /* LaunchScreen.storyboard */,
				18BF66CF1E81DD3E00394ECA /* Info.plist */,
			);
			path = Cosapp;
			sourceTree = "<group>";
		};
		18BF66D71E81DD3E00394ECA /* CosappTests */ = {
			isa = PBXGroup;
			children = (
				18BF66D81E81DD3E00394ECA /* CosappTests.swift */,
				18BF66DA1E81DD3E00394ECA /* Info.plist */,
			);
			path = CosappTests;
			sourceTree = "<group>";
		};
		18BF66E21E81DD3E00394ECA /* CosappUITests */ = {
			isa = PBXGroup;
			children = (
				18BF66E31E81DD3E00394ECA /* CosappUITests.swift */,
				18BF66E51E81DD3E00394ECA /* Info.plist */,
			);
			path = CosappUITests;
			sourceTree = "<group>";
		};
/* End PBXGroup section */

/* Begin PBXNativeTarget section */
		18BF66BF1E81DD3E00394ECA /* Cosapp */ = {
			isa = PBXNativeTarget;
			buildConfigurationList = 18BF66E81E81DD3E00394ECA /* Build configuration list for PBXNativeTarget "Cosapp" */;
			buildPhases = (
				18BF66BC1E81DD3E00394ECA /* Sources */,
				18BF66BD1E81DD3E00394ECA /* Frameworks */,
				18BF66BE1E81DD3E00394ECA /* Resources */,
			);
			buildRules = (
			);
			dependencies = (
			);
			name = Cosapp;
			productName = Cosapp;
			productReference = 18BF66C01E81DD3E00394ECA /* Cosapp.app */;
			productType = "com.apple.product-type.application";
		};
		18BF66D31E81DD3E00394ECA /* CosappTests */ = {
			isa = PBXNativeTarget;
			buildConfigurationList = 18BF66EB1E81DD3E00394ECA /* Build configuration list for PBXNativeTarget "CosappTests" */;
			buildPhases = (
				18BF66D01E81DD3E00394ECA /* Sources */,
				18BF66D11E81DD3E00394ECA /* Frameworks */,
				18BF66D21E81DD3E00394ECA /* Resources */,
			);
			buildRules = (
			);
			dependencies = (
				18BF66D61E81DD3E00394ECA /* PBXTargetDependency */,
			);
			name = CosappTests;
			productName = CosappTests;
			productReference = 18BF66D41E81DD3E00394ECA /* CosappTests.xctest */;
			productType = "com.apple.product-type.bundle.unit-test";
		};
		18BF66DE1E81DD3E00394ECA /* CosappUITests */ = {
			isa = PBXNativeTarget;
			buildConfigurationList = 18BF66EE1E81DD3E00394ECA /* Build configuration list for PBXNativeTarget "CosappUITests" */;
			buildPhases = (
				18BF66DB1E81DD3E00394ECA /* Sources */,
				18BF66DC1E81DD3E00394ECA /* Frameworks */,
				18BF66DD1E81DD3E00394ECA /* Resources */,
			);
			buildRules = (
			);
			dependencies = (
				18BF66E11E81DD3E00394ECA /* PBXTargetDependency */,
			);
			name = CosappUITests;
			productName = CosappUITests;
			productReference = 18BF66DF1E81DD3E00394ECA /* CosappUITests.xctest */;
			productType = "com.apple.product-type.bundle.ui-testing";
		};
/* End PBXNativeTarget section */

/* Begin PBXProject section */
		18BF66B81E81DD3E00394ECA /* Project object */ = {
			isa = PBXProject;
			attributes = {
				LastSwiftUpdateCheck = 0820;
				LastUpgradeCheck = 0820;
				ORGANIZATIONNAME = APPLE;
				TargetAttributes = {
					18BF66BF1E81DD3E00394ECA = {
						CreatedOnToolsVersion = 8.2.1;
						ProvisioningStyle = Automatic;
					};
					18BF66D31E81DD3E00394ECA = {
						CreatedOnToolsVersion = 8.2.1;
						ProvisioningStyle = Automatic;
						TestTargetID = 18BF66BF1E81DD3E00394ECA;
					};
					18BF66DE1E81DD3E00394ECA = {
						CreatedOnToolsVersion = 8.2.1;
						ProvisioningStyle = Automatic;
						TestTargetID = 18BF66BF1E81DD3E00394ECA;
					};
				};
			};
			buildConfigurationList = 18BF66BB1E81DD3E00394ECA /* Build configuration list for PBXProject "Cosapp" */;
			compatibilityVersion = "Xcode 3.2";
			developmentRegion = English;
			hasScannedForEncodings = 0;
			knownRegions = (
				en,
				Base,
			);
			mainGroup = 18BF66B71E81DD3E00394ECA;
			productRefGroup = 18BF66C11E81DD3E00394ECA /* Products */;
			projectDirPath = "";
			projectRoot = "";
			targets = (
				18BF66BF1E81DD3E00394ECA /* Cosapp */,
				18BF66D31E81DD3E00394ECA /* CosappTests */,
				18BF66DE1E81DD3E00394ECA /* CosappUITests */,
			);
		};
/* End PBXProject section */

/* Begin PBXResourcesBuildPhase section */
		18BF66BE1E81DD3E00394ECA /* Resources */ = {
			isa = PBXResourcesBuildPhase;
			buildActionMask = 2147483647;
			files = (
				18BF66CE1E81DD3E00394ECA /* LaunchScreen.storyboard in Resources */,
				18BF66CB1E81DD3E00394ECA /* Assets.xcassets in Resources */,
				18BF66C91E81DD3E00394ECA /* Main.storyboard in Resources */,
			);
			runOnlyForDeploymentPostprocessing = 0;
		};
		18BF66D21E81DD3E00394ECA /* Resources */ = {
			isa = PBXResourcesBuildPhase;
			buildActionMask = 2147483647;
			files = (
			);
			runOnlyForDeploymentPostprocessing = 0;
		};
		18BF66DD1E81DD3E00394ECA /* Resources */ = {
			isa = PBXResourcesBuildPhase;
			buildActionMask = 2147483647;
			files = (
			);
			runOnlyForDeploymentPostprocessing = 0;
		};
/* End PBXResourcesBuildPhase section */

/* Begin PBXSourcesBuildPhase section */
		18BF66BC1E81DD3E00394ECA /* Sources */ = {
			isa = PBXSourcesBuildPhase;
			buildActionMask = 2147483647;
			files = (
				18BF66C61E81DD3E00394ECA /* ViewController.swift in Sources */,
				18BF66C41E81DD3E00394ECA /* AppDelegate.swift in Sources */,
			);
			runOnlyForDeploymentPostprocessing = 0;
		};
		18BF66D01E81DD3E00394ECA /* Sources */ = {
			isa = PBXSourcesBuildPhase;
			buildActionMask = 2147483647;
			files = (
				18BF66D91E81DD3E00394ECA /* CosappTests.swift in Sources */,
			);
			runOnlyForDeploymentPostprocessing = 0;
		};
		18BF66DB1E81DD3E00394ECA /* Sources */ = {
			isa = PBXSourcesBuildPhase;
			buildActionMask = 2147483647;
			files = (
				18BF66E41E81DD3E00394ECA /* CosappUITests.swift in Sources */,
			);
			runOnlyForDeploymentPostprocessing = 0;
		};
/* End PBXSourcesBuildPhase section */

/* Begin PBXTargetDependency section */
		18BF66D61E81DD3E00394ECA /* PBXTargetDependency */ = {
			isa = PBXTargetDependency;
			target = 18BF66BF1E81DD3E00394ECA /* Cosapp */;
			targetProxy = 18BF66D51E81DD3E00394ECA /* PBXContainerItemProxy */;
		};
		18BF66E11E81DD3E00394ECA /* PBXTargetDependency */ = {
			isa = PBXTargetDependency;
			target = 18BF66BF1E81DD3E00394ECA /* Cosapp */;
			targetProxy = 18BF66E01E81DD3E00394ECA /* PBXContainerItemProxy */;
		};
/* End PBXTargetDependency section */

/* Begin PBXVariantGroup section */
		18BF66C71E81DD3E00394ECA /* Main.storyboard */ = {
			isa = PBXVariantGroup;
			children = (
				18BF66C81E81DD3E00394ECA /* Base */,
			);
			name = Main.storyboard;
			sourceTree = "<group>";
		};
		18BF66CC1E81DD3E00394ECA /* LaunchScreen.storyboard */ = {
			isa = PBXVariantGroup;
			children = (
				18BF66CD1E81DD3E00394ECA /* Base */,
			);
			name = LaunchScreen.storyboard;
			sourceTree = "<group>";
		};
/* End PBXVariantGroup section */

/* Begin XCBuildConfiguration section */
		18BF66E61E81DD3E00394ECA /* Debug */ = {
			isa = XCBuildConfiguration;
			buildSettings = {
				ALWAYS_SEARCH_USER_PATHS = NO;
				CLANG_ANALYZER_NONNULL = YES;
				CLANG_CXX_LANGUAGE_STANDARD = "gnu++0x";
				CLANG_CXX_LIBRARY = "libc++";
				CLANG_ENABLE_MODULES = YES;
				CLANG_ENABLE_OBJC_ARC = YES;
				CLANG_WARN_BOOL_CONVERSION = YES;
				CLANG_WARN_CONSTANT_CONVERSION = YES;
				CLANG_WARN_DIRECT_OBJC_ISA_USAGE = YES_ERROR;
				CLANG_WARN_DOCUMENTATION_COMMENTS = YES;
				CLANG_WARN_EMPTY_BODY = YES;
				CLANG_WARN_ENUM_CONVERSION = YES;
				CLANG_WARN_INFINITE_RECURSION = YES;
				CLANG_WARN_INT_CONVERSION = YES;
				CLANG_WARN_OBJC_ROOT_CLASS = YES_ERROR;
				CLANG_WARN_SUSPICIOUS_MOVE = YES;
				CLANG_WARN_UNREACHABLE_CODE = YES;
				CLANG_WARN__DUPLICATE_METHOD_MATCH = YES;
				"CODE_SIGN_IDENTITY[sdk=iphoneos*]" = "iPhone Developer";
				COPY_PHASE_STRIP = NO;
				DEBUG_INFORMATION_FORMAT = dwarf;
				ENABLE_STRICT_OBJC_MSGSEND = YES;
				ENABLE_TESTABILITY = YES;
				GCC_C_LANGUAGE_STANDARD = gnu99;
				GCC_DYNAMIC_NO_PIC = NO;
				GCC_NO_COMMON_BLOCKS = YES;
				GCC_OPTIMIZATION_LEVEL = 0;
				GCC_PREPROCESSOR_DEFINITIONS = (
					"DEBUG=1",
					"$(inherited)",
				);
				GCC_WARN_64_TO_32_BIT_CONVERSION = YES;
				GCC_WARN_ABOUT_RETURN_TYPE = YES_ERROR;
				GCC_WARN_UNDECLARED_SELECTOR = YES;
				GCC_WARN_UNINITIALIZED_AUTOS = YES_AGGRESSIVE;
				GCC_WARN_UNUSED_FUNCTION = YES;
				GCC_WARN_UNUSED_VARIABLE = YES;
				IPHONEOS_DEPLOYMENT_TARGET = 10.2;
				MTL_ENABLE_DEBUG_INFO = YES;
				ONLY_ACTIVE_ARCH = YES;
				SDKROOT = iphoneos;
				SWIFT_ACTIVE_COMPILATION_CONDITIONS = DEBUG;
				SWIFT_OPTIMIZATION_LEVEL = "-Onone";
				TARGETED_DEVICE_FAMILY = "1,2";
			};
			name = Debug;
		};
		18BF66E71E81DD3E00394ECA /* Release */ = {
			isa = XCBuildConfiguration;
			buildSettings = {
				ALWAYS_SEARCH_USER_PATHS = NO;
				CLANG_ANALYZER_NONNULL = YES;
				CLANG_CXX_LANGUAGE_STANDARD = "gnu++0x";
				CLANG_CXX_LIBRARY = "libc++";
				CLANG_ENABLE_MODULES = YES;
				CLANG_ENABLE_OBJC_ARC = YES;
				CLANG_WARN_BOOL_CONVERSION = YES;
				CLANG_WARN_CONSTANT_CONVERSION = YES;
				CLANG_WARN_DIRECT_OBJC_ISA_USAGE = YES_ERROR;
				CLANG_WARN_DOCUMENTATION_COMMENTS = YES;
				CLANG_WARN_EMPTY_BODY = YES;
				CLANG_WARN_ENUM_CONVERSION = YES;
				CLANG_WARN_INFINITE_RECURSION = YES;
				CLANG_WARN_INT_CONVERSION = YES;
				CLANG_WARN_OBJC_ROOT_CLASS = YES_ERROR;
				CLANG_WARN_SUSPICIOUS_MOVE = YES;
				CLANG_WARN_UNREACHABLE_CODE = YES;
				CLANG_WARN__DUPLICATE_METHOD_MATCH = YES;
				"CODE_SIGN_IDENTITY[sdk=iphoneos*]" = "iPhone Developer";
				COPY_PHASE_STRIP = NO;
				DEBUG_INFORMATION_FORMAT = "dwarf-with-dsym";
				ENABLE_NS_ASSERTIONS = NO;
				ENABLE_STRICT_OBJC_MSGSEND = YES;
				GCC_C_LANGUAGE_STANDARD = gnu99;
				GCC_NO_COMMON_BLOCKS = YES;
				GCC_WARN_64_TO_32_BIT_CONVERSION = YES;
				GCC_WARN_ABOUT_RETURN_TYPE = YES_ERROR;
				GCC_WARN_UNDECLARED_SELECTOR = YES;
				GCC_WARN_UNINITIALIZED_AUTOS = YES_AGGRESSIVE;
				GCC_WARN_UNUSED_FUNCTION = YES;
				GCC_WARN_UNUSED_VARIABLE = YES;
				IPHONEOS_DEPLOYMENT_TARGET = 10.2;
				MTL_ENABLE_DEBUG_INFO = NO;
				SDKROOT = iphoneos;
				SWIFT_OPTIMIZATION_LEVEL = "-Owholemodule";
				TARGETED_DEVICE_FAMILY = "1,2";
				VALIDATE_PRODUCT = YES;
			};
			name = Release;
		};
		18BF66E91E81DD3E00394ECA /* Debug */ = {
			isa = XCBuildConfiguration;
			buildSettings = {
				ASSETCATALOG_COMPILER_APPICON_NAME = AppIcon;
				INFOPLIST_FILE = Cosapp/Info.plist;
				LD_RUNPATH_SEARCH_PATHS = "$(inherited) @executable_path/Frameworks";
				PRODUCT_BUNDLE_IDENTIFIER = com.ecoach.Cosapp;
				PRODUCT_NAME = "$(TARGET_NAME)";
				SWIFT_VERSION = 3.0;
			};
			name = Debug;
		};
		18BF66EA1E81DD3E00394ECA /* Release */ = {
			isa = XCBuildConfiguration;
			buildSettings = {
				ASSETCATALOG_COMPILER_APPICON_NAME = AppIcon;
				INFOPLIST_FILE = Cosapp/Info.plist;
				LD_RUNPATH_SEARCH_PATHS = "$(inherited) @executable_path/Frameworks";
				PRODUCT_BUNDLE_IDENTIFIER = com.ecoach.Cosapp;
				PRODUCT_NAME = "$(TARGET_NAME)";
				SWIFT_VERSION = 3.0;
			};
			name = Release;
		};
		18BF66EC1E81DD3E00394ECA /* Debug */ = {
			isa = XCBuildConfiguration;
			buildSettings = {
				ALWAYS_EMBED_SWIFT_STANDARD_LIBRARIES = YES;
				BUNDLE_LOADER = "$(TEST_HOST)";
				INFOPLIST_FILE = CosappTests/Info.plist;
				LD_RUNPATH_SEARCH_PATHS = "$(inherited) @executable_path/Frameworks @loader_path/Frameworks";
				PRODUCT_BUNDLE_IDENTIFIER = com.ecoach.CosappTests;
				PRODUCT_NAME = "$(TARGET_NAME)";
				SWIFT_VERSION = 3.0;
				TEST_HOST = "$(BUILT_PRODUCTS_DIR)/Cosapp.app/Cosapp";
			};
			name = Debug;
		};
		18BF66ED1E81DD3E00394ECA /* Release */ = {
			isa = XCBuildConfiguration;
			buildSettings = {
				ALWAYS_EMBED_SWIFT_STANDARD_LIBRARIES = YES;
				BUNDLE_LOADER = "$(TEST_HOST)";
				INFOPLIST_FILE = CosappTests/Info.plist;
				LD_RUNPATH_SEARCH_PATHS = "$(inherited) @executable_path/Frameworks @loader_path/Frameworks";
				PRODUCT_BUNDLE_IDENTIFIER = com.ecoach.CosappTests;
				PRODUCT_NAME = "$(TARGET_NAME)";
				SWIFT_VERSION = 3.0;
				TEST_HOST = "$(BUILT_PRODUCTS_DIR)/Cosapp.app/Cosapp";
			};
			name = Release;
		};
		18BF66EF1E81DD3E00394ECA /* Debug */ = {
			isa = XCBuildConfiguration;
			buildSettings = {
				ALWAYS_EMBED_SWIFT_STANDARD_LIBRARIES = YES;
				INFOPLIST_FILE = CosappUITests/Info.plist;
				LD_RUNPATH_SEARCH_PATHS = "$(inherited) @executable_path/Frameworks @loader_path/Frameworks";
				PRODUCT_BUNDLE_IDENTIFIER = com.ecoach.CosappUITests;
				PRODUCT_NAME = "$(TARGET_NAME)";
				SWIFT_VERSION = 3.0;
				TEST_TARGET_NAME = Cosapp;
			};
			name = Debug;
		};
		18BF66F01E81DD3E00394ECA /* Release */ = {
			isa = XCBuildConfiguration;
			buildSettings = {
				ALWAYS_EMBED_SWIFT_STANDARD_LIBRARIES = YES;
				INFOPLIST_FILE = CosappUITests/Info.plist;
				LD_RUNPATH_SEARCH_PATHS = "$(inherited) @executable_path/Frameworks @loader_path/Frameworks";
				PRODUCT_BUNDLE_IDENTIFIER = com.ecoach.CosappUITests;
				PRODUCT_NAME = "$(TARGET_NAME)";
				SWIFT_VERSION = 3.0;
				TEST_TARGET_NAME = Cosapp;
			};
			name = Release;
		};
/* End XCBuildConfiguration section */

/* Begin XCConfigurationList section */
		18BF66BB1E81DD3E00394ECA /* Build configuration list for PBXProject "Cosapp" */ = {
			isa = XCConfigurationList;
			buildConfigurations = (
				18BF66E61E81DD3E00394ECA /* Debug */,
				18BF66E71E81DD3E00394ECA /* Release */,
			);
			defaultConfigurationIsVisible = 0;
			defaultConfigurationName = Release;
		};
		18BF66E81E81DD3E00394ECA /* Build configuration list for PBXNativeTarget "Cosapp" */ = {
			isa = XCConfigurationList;
			buildConfigurations = (
				18BF66E91E81DD3E00394ECA /* Debug */,
				18BF66EA1E81DD3E00394ECA /* Release */,
			);
			defaultConfigurationIsVisible = 0;
		};
		18BF66EB1E81DD3E00394ECA /* Build configuration list for PBXNativeTarget "CosappTests" */ = {
			isa = XCConfigurationList;
			buildConfigurations = (
				18BF66EC1E81DD3E00394ECA /* Debug */,
				18BF66ED1E81DD3E00394ECA /* Release */,
			);
			defaultConfigurationIsVisible = 0;
		};
		18BF66EE1E81DD3E00394ECA /* Build configuration list for PBXNativeTarget "CosappUITests" */ = {
			isa = XCConfigurationList;
			buildConfigurations = (
				18BF66EF1E81DD3E00394ECA /* Debug */,
				18BF66F01E81DD3E00394ECA /* Release */,
			);
			defaultConfigurationIsVisible = 0;
		};
/* End XCConfigurationList section */
	};
	rootObject = 18BF66B81E81DD3E00394ECA /* Project object */;
}
